NeoBundleLock ack.vim 36e40f9ec91bdbf6f1adf408522a73a6925c3042
NeoBundleLock auto-pairs 39f06b873a8449af8ff6a3eee716d3da14d63a76
NeoBundleLock deoplete.nvim 20d181d84c108ea2b13ce227e9dd5ae13df0e13e
NeoBundleLock nerdcommenter 1b53686d5f1d1607dc67430e9243283fee3a9764
NeoBundleLock nerdtree 81f3eaba295b3fceb2d032db57e5eae99ae480f8
NeoBundleLock nerdtree-git-plugin 73da0283ead8fa2bbce83d219fcab3ba1e8cf0dd
NeoBundleLock nvim-yarp b710bf4daccb603a423754794fb446e5fbb59576
NeoBundleLock syntastic f2ddb480c5afa1c0f155d78e6fc7853fd20f0420
NeoBundleLock vim-airline 07ab201a272fe8a848141a60adec3c0b837c0b37
NeoBundleLock vim-code-dark 670fed53a2ae67542a78ef7b642f4aca6b6326dc
NeoBundleLock vim-deep-space 126d52f4f77877385cd44d983709053d1aab6635
NeoBundleLock vim-devicons 4d14cb82cf7381c2f8eca284d1a757faaa73b159
NeoBundleLock vim-go ce95699efa82921f80fdc0984d002ff81584c6e6
NeoBundleLock vim-hug-neovim-rpc 0b700099e567964bad1f3d17fe16035052b5129a
NeoBundleLock vim-markdown 8e5d86f7b85234d3d1b4207dceebc43a768ed5d4
NeoBundleLock vim-nerdtree-syntax-highlight 5178ee4d7f4e7761187df30bb709f703d91df18a
